
Microsoft Visual Studio Solution File, Format Version 12.00
# Visual Studio Version 16
VisualStudioVersion = 16.0.30104.148
MinimumVisualStudioVersion = 10.0.40219.1
Project("{FAE04EC0-301F-11D3-BF4B-00C04F79EFBC}") = "Algorithm", "Algorithm\Algorithm.csproj", "{B43B8530-3F36-4C5E-A717-F9B8685C268F}"
EndProject
Global
	GlobalSection(SolutionConfigurationPlatforms) = preSolution
		Debug|Any CPU = Debug|Any CPU
		Release|Any CPU = Release|Any CPU
	EndGlobalSection
	GlobalSection(ProjectConfigurationPlatforms) = postSolution
		{B43B8530-3F36-4C5E-A717-F9B8685C268F}.Debug|Any CPU.ActiveCfg = Debug|Any CPU
		{B43B8530-3F36-4C5E-A717-F9B8685C268F}.Debug|Any CPU.Build.0 = Debug|Any CPU
		{B43B8530-3F36-4C5E-A717-F9B8685C268F}.Release|Any CPU.ActiveCfg = Release|Any CPU
		{B43B8530-3F36-4C5E-A717-F9B8685C268F}.Release|Any CPU.Build.0 = Release|Any CPU
	EndGlobalSection
	GlobalSection(SolutionProperties) = preSolution
		HideSolutionNode = FALSE
	EndGlobalSection
	GlobalSection(ExtensibilityGlobals) = postSolution
		SolutionGuid = {B2F92BE5-3100-4E7E-B00B-39E18655C4B9}
	EndGlobalSection
EndGlobal
